// !$*UTF8*$!
{
	archiveVersion = 1;
	classes = {
	};
	objectVersion = 77;
	objects = {

/* Begin PBXBuildFile section */
		7C181B04300CF0AD00307624 /* ConnKit in Frameworks */ = {isa = PBXBuildFile; productRef = 7C181B02300CF0AD00307624 /* ConnKit */; };
		7C181B05300CF0AD00307624 /* ConnStore in Frameworks */ = {isa = PBXBuildFile; productRef = 7C181B03300CF0AD00307624 /* ConnStore */; };
		7C181B06300CF0AD00307624 /* ConnUI in Frameworks */ = {isa = PBXBuildFile; productRef = 7C181B07300CF0AD00307624 /* ConnUI */; };
		7C181B08300CF0AD00307624 /* ConnSSH in Frameworks */ = {isa = PBXBuildFile; productRef = 7C181B09300CF0AD00307624 /* ConnSSH */; };
		7C181B0A300CF0AD00307624 /* ConnSSHCitadel in Frameworks */ = {isa = PBXBuildFile; productRef = 7C181B0B300CF0AD00307624 /* ConnSSHCitadel */; };
		7C181B0C300CF0AD00307624 /* ConnCrypto in Frameworks */ = {isa = PBXBuildFile; productRef = 7C181B0D300CF0AD00307624 /* ConnCrypto */; };
		7C181B0E300CF0AD00307624 /* ConnTerminal in Frameworks */ = {isa = PBXBuildFile; productRef = 7C181B0F300CF0AD00307624 /* ConnTerminal */; };
		7CAA0001300CF0AD00307624 /* ConnMonitor in Frameworks */ = {isa = PBXBuildFile; productRef = 7CAA0002300CF0AD00307624 /* ConnMonitor */; };
		7CAA0003300CF0AD00307624 /* ConnOps in Frameworks */ = {isa = PBXBuildFile; productRef = 7CAA0004300CF0AD00307624 /* ConnOps */; };
		7CAA0005300CF0AD00307624 /* ConnRunner in Frameworks */ = {isa = PBXBuildFile; productRef = 7CAA0006300CF0AD00307624 /* ConnRunner */; };
		7CAA0010300CF0AD00307624 /* ConnEditor in Frameworks */ = {isa = PBXBuildFile; productRef = 7CAA0011300CF0AD00307624 /* ConnEditor */; };
/* End PBXBuildFile section */

/* Begin PBXContainerItemProxy section */
		7C181A9E300CF0AF00307624 /* PBXContainerItemProxy */ = {
			isa = PBXContainerItemProxy;
			containerPortal = 7C181A88300CF0AD00307624 /* Project object */;
			proxyType = 1;
			remoteGlobalIDString = 7C181A8F300CF0AD00307624;
			remoteInfo = Conn;
		};
		7C181AA8300CF0AF00307624 /* PBXContainerItemProxy */ = {
			isa = PBXContainerItemProxy;
			containerPortal = 7C181A88300CF0AD00307624 /* Project object */;
			proxyType = 1;
			remoteGlobalIDString = 7C181A8F300CF0AD00307624;
			remoteInfo = Conn;
		};
/* End PBXContainerItemProxy section */

/* Begin PBXFileReference section */
		7C181A90300CF0AD00307624 /* Conn.app */ = {isa = PBXFileReference; explicitFileType = wrapper.application; includeInIndex = 0; path = Conn.app; sourceTree = BUILT_PRODUCTS_DIR; };
		7C181A9D300CF0AF00307624 /* ConnTests.xctest */ = {isa = PBXFileReference; explicitFileType = wrapper.cfbundle; includeInIndex = 0; path = ConnTests.xctest; sourceTree = BUILT_PRODUCTS_DIR; };
		7C181AA7300CF0AF00307624 /* ConnUITests.xctest */ = {isa = PBXFileReference; explicitFileType = wrapper.cfbundle; includeInIndex = 0; path = ConnUITests.xctest; sourceTree = BUILT_PRODUCTS_DIR; };
/* End PBXFileReference section */

/* Begin PBXFileSystemSynchronizedRootGroup section */
		7C181A92300CF0AD00307624 /* Conn */ = {
			isa = PBXFileSystemSynchronizedRootGroup;
			path = Conn;
			sourceTree = "<group>";
		};
		7C181AA0300CF0AF00307624 /* ConnTests */ = {
			isa = PBXFileSystemSynchronizedRootGroup;
			path = ConnTests;
			sourceTree = "<group>";
		};
		7C181AAA300CF0AF00307624 /* ConnUITests */ = {
			isa = PBXFileSystemSynchronizedRootGroup;
			path = ConnUITests;
			sourceTree = "<group>";
		};
/* End PBXFileSystemSynchronizedRootGroup section */

/* Begin PBXFrameworksBuildPhase section */
		7C181A8D300CF0AD00307624 /* Frameworks */ = {
			isa = PBXFrameworksBuildPhase;
			buildActionMask = 2147483647;
			files = (
				7C181B04300CF0AD00307624 /* ConnKit in Frameworks */,
				7C181B05300CF0AD00307624 /* ConnStore in Frameworks */,
				7C181B06300CF0AD00307624 /* ConnUI in Frameworks */,
				7C181B08300CF0AD00307624 /* ConnSSH in Frameworks */,
				7C181B0A300CF0AD00307624 /* ConnSSHCitadel in Frameworks */,
				7C181B0C300CF0AD00307624 /* ConnCrypto in Frameworks */,
				7C181B0E300CF0AD00307624 /* ConnTerminal in Frameworks */,
				7CAA0001300CF0AD00307624 /* ConnMonitor in Frameworks */,
				7CAA0003300CF0AD00307624 /* ConnOps in Frameworks */,
				7CAA0005300CF0AD00307624 /* ConnRunner in Frameworks */,
				7CAA0010300CF0AD00307624 /* ConnEditor in Frameworks */,
			);
			runOnlyForDeploymentPostprocessing = 0;
		};
		7C181A9A300CF0AF00307624 /* Frameworks */ = {
			isa = PBXFrameworksBuildPhase;
			buildActionMask = 2147483647;
			files = (
			);
			runOnlyForDeploymentPostprocessing = 0;
		};
		7C181AA4300CF0AF00307624 /* Frameworks */ = {
			isa = PBXFrameworksBuildPhase;
			buildActionMask = 2147483647;
			files = (
			);
			runOnlyForDeploymentPostprocessing = 0;
		};
/* End PBXFrameworksBuildPhase section */

/* Begin PBXGroup section */
		7C181A87300CF0AD00307624 = {
			isa = PBXGroup;
			children = (
				7C181A92300CF0AD00307624 /* Conn */,
				7C181AA0300CF0AF00307624 /* ConnTests */,
				7C181AAA300CF0AF00307624 /* ConnUITests */,
				7C181A91300CF0AD00307624 /* Products */,
			);
			sourceTree = "<group>";
		};
		7C181A91300CF0AD00307624 /* Products */ = {
			isa = PBXGroup;
			children = (
				7C181A90300CF0AD00307624 /* Conn.app */,
				7C181A9D300CF0AF00307624 /* ConnTests.xctest */,
				7C181AA7300CF0AF00307624 /* ConnUITests.xctest */,
			);
			name = Products;
			sourceTree = "<group>";
		};
/* End PBXGroup section */

/* Begin PBXNativeTarget section */
		7C181A8F300CF0AD00307624 /* Conn */ = {
			isa = PBXNativeTarget;
			buildConfigurationList = 7C181AB1300CF0AF00307624 /* Build configuration list for PBXNativeTarget "Conn" */;
			buildPhases = (
				7C181A8C300CF0AD00307624 /* Sources */,
				7C181A8D300CF0AD00307624 /* Frameworks */,
				7C181A8E300CF0AD00307624 /* Resources */,
			);
			buildRules = (
			);
			dependencies = (
			);
			fileSystemSynchronizedGroups = (
				7C181A92300CF0AD00307624 /* Conn */,
			);
			name = Conn;
			packageProductDependencies = (
				7C181B02300CF0AD00307624 /* ConnKit */,
				7C181B03300CF0AD00307624 /* ConnStore */,
				7C181B07300CF0AD00307624 /* ConnUI */,
				7C181B09300CF0AD00307624 /* ConnSSH */,
				7C181B0B300CF0AD00307624 /* ConnSSHCitadel */,
				7C181B0D300CF0AD00307624 /* ConnCrypto */,
				7C181B0F300CF0AD00307624 /* ConnTerminal */,
				7CAA0002300CF0AD00307624 /* ConnMonitor */,
				7CAA0004300CF0AD00307624 /* ConnOps */,
				7CAA0006300CF0AD00307624 /* ConnRunner */,
				7CAA0011300CF0AD00307624 /* ConnEditor */,
			);
			productName = Conn;
			productReference = 7C181A90300CF0AD00307624 /* Conn.app */;
			productType = "com.apple.product-type.application";
		};
		7C181A9C300CF0AF00307624 /* ConnTests */ = {
			isa = PBXNativeTarget;
			buildConfigurationList = 7C181AB4300CF0AF00307624 /* Build configuration list for PBXNativeTarget "ConnTests" */;
			buildPhases = (
				7C181A99300CF0AF00307624 /* Sources */,
				7C181A9A300CF0AF00307624 /* Frameworks */,
				7C181A9B300CF0AF00307624 /* Resources */,
			);
			buildRules = (
			);
			dependencies = (
				7C181A9F300CF0AF00307624 /* PBXTargetDependency */,
			);
			fileSystemSynchronizedGroups = (
				7C181AA0300CF0AF00307624 /* ConnTests */,
			);
			name = ConnTests;
			packageProductDependencies = (
			);
			productName = ConnTests;
			productReference = 7C181A9D300CF0AF00307624 /* ConnTests.xctest */;
			productType = "com.apple.product-type.bundle.unit-test";
		};
		7C181AA6300CF0AF00307624 /* ConnUITests */ = {
			isa = PBXNativeTarget;
			buildConfigurationList = 7C181AB7300CF0AF00307624 /* Build configuration list for PBXNativeTarget "ConnUITests" */;
			buildPhases = (
				7C181AA3300CF0AF00307624 /* Sources */,
				7C181AA4300CF0AF00307624 /* Frameworks */,
				7C181AA5300CF0AF00307624 /* Resources */,
			);
			buildRules = (
			);
			dependencies = (
				7C181AA9300CF0AF00307624 /* PBXTargetDependency */,
			);
			fileSystemSynchronizedGroups = (
				7C181AAA300CF0AF00307624 /* ConnUITests */,
			);
			name = ConnUITests;
			packageProductDependencies = (
			);
			productName = ConnUITests;
			productReference = 7C181AA7300CF0AF00307624 /* ConnUITests.xctest */;
			productType = "com.apple.product-type.bundle.ui-testing";
		};
/* End PBXNativeTarget section */

/* Begin PBXProject section */
		7C181A88300CF0AD00307624 /* Project object */ = {
			isa = PBXProject;
			attributes = {
				BuildIndependentTargetsInParallel = 1;
				LastSwiftUpdateCheck = 2600;
				LastUpgradeCheck = 2600;
				TargetAttributes = {
					7C181A8F300CF0AD00307624 = {
						CreatedOnToolsVersion = 26.0;
					};
					7C181A9C300CF0AF00307624 = {
						CreatedOnToolsVersion = 26.0;
						TestTargetID = 7C181A8F300CF0AD00307624;
					};
					7C181AA6300CF0AF00307624 = {
						CreatedOnToolsVersion = 26.0;
						TestTargetID = 7C181A8F300CF0AD00307624;
					};
				};
			};
			buildConfigurationList = 7C181A8B300CF0AD00307624 /* Build configuration list for PBXProject "Conn" */;
			developmentRegion = "zh-Hans";
			hasScannedForEncodings = 0;
			knownRegions = (
				en,
				Base,
				"zh-Hans",
				"zh-Hant",
				ja,
				ko,
			);
			mainGroup = 7C181A87300CF0AD00307624;
			minimizedProjectReferenceProxies = 1;
			packageReferences = (
				7C181B01300CF0AD00307624 /* XCLocalSwiftPackageReference "../Packages/ConnPackages" */,
			);
			preferredProjectObjectVersion = 77;
			productRefGroup = 7C181A91300CF0AD00307624 /* Products */;
			projectDirPath = "";
			projectRoot = "";
			targets = (
				7C181A8F300CF0AD00307624 /* Conn */,
				7C181A9C300CF0AF00307624 /* ConnTests */,
				7C181AA6300CF0AF00307624 /* ConnUITests */,
			);
		};
/* End PBXProject section */

/* Begin PBXResourcesBuildPhase section */
		7C181A8E300CF0AD00307624 /* Resources */ = {
			isa = PBXResourcesBuildPhase;
			buildActionMask = 2147483647;
			files = (
			);
			runOnlyForDeploymentPostprocessing = 0;
		};
		7C181A9B300CF0AF00307624 /* Resources */ = {
			isa = PBXResourcesBuildPhase;
			buildActionMask = 2147483647;
			files = (
			);
			runOnlyForDeploymentPostprocessing = 0;
		};
		7C181AA5300CF0AF00307624 /* Resources */ = {
			isa = PBXResourcesBuildPhase;
			buildActionMask = 2147483647;
			files = (
			);
			runOnlyForDeploymentPostprocessing = 0;
		};
/* End PBXResourcesBuildPhase section */

/* Begin PBXSourcesBuildPhase section */
		7C181A8C300CF0AD00307624 /* Sources */ = {
			isa = PBXSourcesBuildPhase;
			buildActionMask = 2147483647;
			files = (
			);
			runOnlyForDeploymentPostprocessing = 0;
		};
		7C181A99300CF0AF00307624 /* Sources */ = {
			isa = PBXSourcesBuildPhase;
			buildActionMask = 2147483647;
			files = (
			);
			runOnlyForDeploymentPostprocessing = 0;
		};
		7C181AA3300CF0AF00307624 /* Sources */ = {
			isa = PBXSourcesBuildPhase;
			buildActionMask = 2147483647;
			files = (
			);
			runOnlyForDeploymentPostprocessing = 0;
		};
/* End PBXSourcesBuildPhase section */

/* Begin PBXTargetDependency section */
		7C181A9F300CF0AF00307624 /* PBXTargetDependency */ = {
			isa = PBXTargetDependency;
			target = 7C181A8F300CF0AD00307624 /* Conn */;
			targetProxy = 7C181A9E300CF0AF00307624 /* PBXContainerItemProxy */;
		};
		7C181AA9300CF0AF00307624 /* PBXTargetDependency */ = {
			isa = PBXTargetDependency;
			target = 7C181A8F300CF0AD00307624 /* Conn */;
			targetProxy = 7C181AA8300CF0AF00307624 /* PBXContainerItemProxy */;
		};
/* End PBXTargetDependency section */

/* Begin XCBuildConfiguration section */
		7C181AAF300CF0AF00307624 /* Debug */ = {
			isa = XCBuildConfiguration;
			buildSettings = {
				ALWAYS_SEARCH_USER_PATHS = NO;
				ASSETCATALOG_COMPILER_GENERATE_SWIFT_ASSET_SYMBOL_EXTENSIONS = YES;
				CLANG_ANALYZER_NONNULL = YES;
				CLANG_ANALYZER_NUMBER_OBJECT_CONVERSION = YES_AGGRESSIVE;
				CLANG_CXX_LANGUAGE_STANDARD = "gnu++20";
				CLANG_ENABLE_MODULES = YES;
				CLANG_ENABLE_OBJC_ARC = YES;
				CLANG_ENABLE_OBJC_WEAK = YES;
				CLANG_WARN_BLOCK_CAPTURE_AUTORELEASING = YES;
				CLANG_WARN_BOOL_CONVERSION = YES;
				CLANG_WARN_COMMA = YES;
				CLANG_WARN_CONSTANT_CONVERSION = YES;
				CLANG_WARN_DEPRECATED_OBJC_IMPLEMENTATIONS = YES;
				CLANG_WARN_DIRECT_OBJC_ISA_USAGE = YES_ERROR;
				CLANG_WARN_DOCUMENTATION_COMMENTS = YES;
				CLANG_WARN_EMPTY_BODY = YES;
				CLANG_WARN_ENUM_CONVERSION = YES;
				CLANG_WARN_INFINITE_RECURSION = YES;
				CLANG_WARN_INT_CONVERSION = YES;
				CLANG_WARN_NON_LITERAL_NULL_CONVERSION = YES;
				CLANG_WARN_OBJC_IMPLICIT_RETAIN_SELF = YES;
				CLANG_WARN_OBJC_LITERAL_CONVERSION = YES;
				CLANG_WARN_OBJC_ROOT_CLASS = YES_ERROR;
				CLANG_WARN_QUOTED_INCLUDE_IN_FRAMEWORK_HEADER = YES;
				CLANG_WARN_RANGE_LOOP_ANALYSIS = YES;
				CLANG_WARN_STRICT_PROTOTYPES = YES;
				CLANG_WARN_SUSPICIOUS_MOVE = YES;
				CLANG_WARN_UNGUARDED_AVAILABILITY = YES_AGGRESSIVE;
				CLANG_WARN_UNREACHABLE_CODE = YES;
				CLANG_WARN__DUPLICATE_METHOD_MATCH = YES;
				COPY_PHASE_STRIP = NO;
				DEBUG_INFORMATION_FORMAT = dwarf;
				DEVELOPMENT_TEAM = 35ZLHHTRAP;
				ENABLE_STRICT_OBJC_MSGSEND = YES;
				ENABLE_TESTABILITY = YES;
				ENABLE_USER_SCRIPT_SANDBOXING = YES;
				GCC_C_LANGUAGE_STANDARD = gnu17;
				GCC_DYNAMIC_NO_PIC = NO;
				GCC_NO_COMMON_BLOCKS = YES;
				GCC_OPTIMIZATION_LEVEL = 0;
				GCC_PREPROCESSOR_DEFINITIONS = (
					"DEBUG=1",
					"$(inherited)",
				);
				GCC_WARN_64_TO_32_BIT_CONVERSION = YES;
				GCC_WARN_ABOUT_RETURN_TYPE = YES_ERROR;
				GCC_WARN_UNDECLARED_SELECTOR = YES;
				GCC_WARN_UNINITIALIZED_AUTOS = YES_AGGRESSIVE;
				GCC_WARN_UNUSED_FUNCTION = YES;
				GCC_WARN_UNUSED_VARIABLE = YES;
				IPHONEOS_DEPLOYMENT_TARGET = 17.0;
				LOCALIZATION_PREFERS_STRING_CATALOGS = YES;
				MTL_ENABLE_DEBUG_INFO = INCLUDE_SOURCE;
				MTL_FAST_MATH = YES;
				ONLY_ACTIVE_ARCH = YES;
				SDKROOT = iphoneos;
				SWIFT_ACTIVE_COMPILATION_CONDITIONS = "DEBUG $(inherited)";
				SWIFT_OPTIMIZATION_LEVEL = "-Onone";
			};
			name = Debug;
		};
		7C181AB0300CF0AF00307624 /* Release */ = {
			isa = XCBuildConfiguration;
			buildSettings = {
				ALWAYS_SEARCH_USER_PATHS = NO;
				ASSETCATALOG_COMPILER_GENERATE_SWIFT_ASSET_SYMBOL_EXTENSIONS = YES;
				CLANG_ANALYZER_NONNULL = YES;
				CLANG_ANALYZER_NUMBER_OBJECT_CONVERSION = YES_AGGRESSIVE;
				CLANG_CXX_LANGUAGE_STANDARD = "gnu++20";
				CLANG_ENABLE_MODULES = YES;
				CLANG_ENABLE_OBJC_ARC = YES;
				CLANG_ENABLE_OBJC_WEAK = YES;
				CLANG_WARN_BLOCK_CAPTURE_AUTORELEASING = YES;
				CLANG_WARN_BOOL_CONVERSION = YES;
				CLANG_WARN_COMMA = YES;
				CLANG_WARN_CONSTANT_CONVERSION = YES;
				CLANG_WARN_DEPRECATED_OBJC_IMPLEMENTATIONS = YES;
				CLANG_WARN_DIRECT_OBJC_ISA_USAGE = YES_ERROR;
				CLANG_WARN_DOCUMENTATION_COMMENTS = YES;
				CLANG_WARN_EMPTY_BODY = YES;
				CLANG_WARN_ENUM_CONVERSION = YES;
				CLANG_WARN_INFINITE_RECURSION = YES;
				CLANG_WARN_INT_CONVERSION = YES;
				CLANG_WARN_NON_LITERAL_NULL_CONVERSION = YES;
				CLANG_WARN_OBJC_IMPLICIT_RETAIN_SELF = YES;
				CLANG_WARN_OBJC_LITERAL_CONVERSION = YES;
				CLANG_WARN_OBJC_ROOT_CLASS = YES_ERROR;
				CLANG_WARN_QUOTED_INCLUDE_IN_FRAMEWORK_HEADER = YES;
				CLANG_WARN_RANGE_LOOP_ANALYSIS = YES;
				CLANG_WARN_STRICT_PROTOTYPES = YES;
				CLANG_WARN_SUSPICIOUS_MOVE = YES;
				CLANG_WARN_UNGUARDED_AVAILABILITY = YES_AGGRESSIVE;
				CLANG_WARN_UNREACHABLE_CODE = YES;
				CLANG_WARN__DUPLICATE_METHOD_MATCH = YES;
				COPY_PHASE_STRIP = NO;
				DEBUG_INFORMATION_FORMAT = "dwarf-with-dsym";
				DEVELOPMENT_TEAM = 35ZLHHTRAP;
				ENABLE_NS_ASSERTIONS = NO;
				ENABLE_STRICT_OBJC_MSGSEND = YES;
				ENABLE_USER_SCRIPT_SANDBOXING = YES;
				GCC_C_LANGUAGE_STANDARD = gnu17;
				GCC_NO_COMMON_BLOCKS = YES;
				GCC_WARN_64_TO_32_BIT_CONVERSION = YES;
				GCC_WARN_ABOUT_RETURN_TYPE = YES_ERROR;
				GCC_WARN_UNDECLARED_SELECTOR = YES;
				GCC_WARN_UNINITIALIZED_AUTOS = YES_AGGRESSIVE;
				GCC_WARN_UNUSED_FUNCTION = YES;
				GCC_WARN_UNUSED_VARIABLE = YES;
				IPHONEOS_DEPLOYMENT_TARGET = 17.0;
				LOCALIZATION_PREFERS_STRING_CATALOGS = YES;
				MTL_ENABLE_DEBUG_INFO = NO;
				MTL_FAST_MATH = YES;
				SDKROOT = iphoneos;
				SWIFT_COMPILATION_MODE = wholemodule;
				VALIDATE_PRODUCT = YES;
			};
			name = Release;
		};
		7C181AB2300CF0AF00307624 /* Debug */ = {
			isa = XCBuildConfiguration;
			buildSettings = {
				ASSETCATALOG_COMPILER_APPICON_NAME = AppIcon;
				ASSETCATALOG_COMPILER_GLOBAL_ACCENT_COLOR_NAME = AccentColor;
				CODE_SIGN_STYLE = Automatic;
				CURRENT_PROJECT_VERSION = 1;
				DEVELOPMENT_TEAM = 35ZLHHTRAP;
				ENABLE_PREVIEWS = YES;
				GENERATE_INFOPLIST_FILE = YES;
				INFOPLIST_KEY_UIApplicationSceneManifest_Generation = YES;
				INFOPLIST_KEY_UIApplicationSupportsIndirectInputEvents = YES;
				INFOPLIST_KEY_UILaunchScreen_Generation = YES;
				INFOPLIST_KEY_UISupportedInterfaceOrientations = UIInterfaceOrientationPortrait;
				INFOPLIST_KEY_UISupportedInterfaceOrientations_iPad = "UIInterfaceOrientationLandscapeLeft UIInterfaceOrientationLandscapeRight UIInterfaceOrientationPortrait UIInterfaceOrientationPortraitUpsideDown";
				LD_RUNPATH_SEARCH_PATHS = (
					"$(inherited)",
					"@executable_path/Frameworks",
				);
				MARKETING_VERSION = 1.0;
				PRODUCT_BUNDLE_IDENTIFIER = com.crazyball.Conn;
				PRODUCT_NAME = "$(TARGET_NAME)";
				STRING_CATALOG_GENERATE_SYMBOLS = YES;
				SWIFT_APPROACHABLE_CONCURRENCY = YES;
				SWIFT_DEFAULT_ACTOR_ISOLATION = MainActor;
				SWIFT_EMIT_LOC_STRINGS = YES;
				SWIFT_UPCOMING_FEATURE_MEMBER_IMPORT_VISIBILITY = YES;
				SWIFT_VERSION = 5.0;
				TARGETED_DEVICE_FAMILY = "1,2";
			};
			name = Debug;
		};
		7C181AB3300CF0AF00307624 /* Release */ = {
			isa = XCBuildConfiguration;
			buildSettings = {
				ASSETCATALOG_COMPILER_APPICON_NAME = AppIcon;
				ASSETCATALOG_COMPILER_GLOBAL_ACCENT_COLOR_NAME = AccentColor;
				CODE_SIGN_STYLE = Automatic;
				CURRENT_PROJECT_VERSION = 1;
				DEVELOPMENT_TEAM = 35ZLHHTRAP;
				ENABLE_PREVIEWS = YES;
				GENERATE_INFOPLIST_FILE = YES;
				INFOPLIST_KEY_UIApplicationSceneManifest_Generation = YES;
				INFOPLIST_KEY_UIApplicationSupportsIndirectInputEvents = YES;
				INFOPLIST_KEY_UILaunchScreen_Generation = YES;
				INFOPLIST_KEY_UISupportedInterfaceOrientations = UIInterfaceOrientationPortrait;
				INFOPLIST_KEY_UISupportedInterfaceOrientations_iPad = "UIInterfaceOrientationLandscapeLeft UIInterfaceOrientationLandscapeRight UIInterfaceOrientationPortrait UIInterfaceOrientationPortraitUpsideDown";
				LD_RUNPATH_SEARCH_PATHS = (
					"$(inherited)",
					"@executable_path/Frameworks",
				);
				MARKETING_VERSION = 1.0;
				PRODUCT_BUNDLE_IDENTIFIER = com.crazyball.Conn;
				PRODUCT_NAME = "$(TARGET_NAME)";
				STRING_CATALOG_GENERATE_SYMBOLS = YES;
				SWIFT_APPROACHABLE_CONCURRENCY = YES;
				SWIFT_DEFAULT_ACTOR_ISOLATION = MainActor;
				SWIFT_EMIT_LOC_STRINGS = YES;
				SWIFT_UPCOMING_FEATURE_MEMBER_IMPORT_VISIBILITY = YES;
				SWIFT_VERSION = 5.0;
				TARGETED_DEVICE_FAMILY = "1,2";
			};
			name = Release;
		};
		7C181AB5300CF0AF00307624 /* Debug */ = {
			isa = XCBuildConfiguration;
			buildSettings = {
				BUNDLE_LOADER = "$(TEST_HOST)";
				CODE_SIGN_STYLE = Automatic;
				CURRENT_PROJECT_VERSION = 1;
				DEVELOPMENT_TEAM = 35ZLHHTRAP;
				GENERATE_INFOPLIST_FILE = YES;
				IPHONEOS_DEPLOYMENT_TARGET = 17.0;
				MARKETING_VERSION = 1.0;
				PRODUCT_BUNDLE_IDENTIFIER = com.crazyball.ConnTests;
				PRODUCT_NAME = "$(TARGET_NAME)";
				STRING_CATALOG_GENERATE_SYMBOLS = NO;
				SWIFT_APPROACHABLE_CONCURRENCY = YES;
				SWIFT_EMIT_LOC_STRINGS = NO;
				SWIFT_UPCOMING_FEATURE_MEMBER_IMPORT_VISIBILITY = YES;
				SWIFT_VERSION = 5.0;
				TARGETED_DEVICE_FAMILY = "1,2";
				TEST_HOST = "$(BUILT_PRODUCTS_DIR)/Conn.app/$(BUNDLE_EXECUTABLE_FOLDER_PATH)/Conn";
			};
			name = Debug;
		};
		7C181AB6300CF0AF00307624 /* Release */ = {
			isa = XCBuildConfiguration;
			buildSettings = {
				BUNDLE_LOADER = "$(TEST_HOST)";
				CODE_SIGN_STYLE = Automatic;
				CURRENT_PROJECT_VERSION = 1;
				DEVELOPMENT_TEAM = 35ZLHHTRAP;
				GENERATE_INFOPLIST_FILE = YES;
				IPHONEOS_DEPLOYMENT_TARGET = 17.0;
				MARKETING_VERSION = 1.0;
				PRODUCT_BUNDLE_IDENTIFIER = com.crazyball.ConnTests;
				PRODUCT_NAME = "$(TARGET_NAME)";
				STRING_CATALOG_GENERATE_SYMBOLS = NO;
				SWIFT_APPROACHABLE_CONCURRENCY = YES;
				SWIFT_EMIT_LOC_STRINGS = NO;
				SWIFT_UPCOMING_FEATURE_MEMBER_IMPORT_VISIBILITY = YES;
				SWIFT_VERSION = 5.0;
				TARGETED_DEVICE_FAMILY = "1,2";
				TEST_HOST = "$(BUILT_PRODUCTS_DIR)/Conn.app/$(BUNDLE_EXECUTABLE_FOLDER_PATH)/Conn";
			};
			name = Release;
		};
		7C181AB8300CF0AF00307624 /* Debug */ = {
			isa = XCBuildConfiguration;
			buildSettings = {
				CODE_SIGN_STYLE = Automatic;
				CURRENT_PROJECT_VERSION = 1;
				DEVELOPMENT_TEAM = 35ZLHHTRAP;
				GENERATE_INFOPLIST_FILE = YES;
				MARKETING_VERSION = 1.0;
				PRODUCT_BUNDLE_IDENTIFIER = com.crazyball.ConnUITests;
				PRODUCT_NAME = "$(TARGET_NAME)";
				STRING_CATALOG_GENERATE_SYMBOLS = NO;
				SWIFT_APPROACHABLE_CONCURRENCY = YES;
				SWIFT_EMIT_LOC_STRINGS = NO;
				SWIFT_UPCOMING_FEATURE_MEMBER_IMPORT_VISIBILITY = YES;
				SWIFT_VERSION = 5.0;
				TARGETED_DEVICE_FAMILY = "1,2";
				TEST_TARGET_NAME = Conn;
			};
			name = Debug;
		};
		7C181AB9300CF0AF00307624 /* Release */ = {
			isa = XCBuildConfiguration;
			buildSettings = {
				CODE_SIGN_STYLE = Automatic;
				CURRENT_PROJECT_VERSION = 1;
				DEVELOPMENT_TEAM = 35ZLHHTRAP;
				GENERATE_INFOPLIST_FILE = YES;
				MARKETING_VERSION = 1.0;
				PRODUCT_BUNDLE_IDENTIFIER = com.crazyball.ConnUITests;
				PRODUCT_NAME = "$(TARGET_NAME)";
				STRING_CATALOG_GENERATE_SYMBOLS = NO;
				SWIFT_APPROACHABLE_CONCURRENCY = YES;
				SWIFT_EMIT_LOC_STRINGS = NO;
				SWIFT_UPCOMING_FEATURE_MEMBER_IMPORT_VISIBILITY = YES;
				SWIFT_VERSION = 5.0;
				TARGETED_DEVICE_FAMILY = "1,2";
				TEST_TARGET_NAME = Conn;
			};
			name = Release;
		};
/* End XCBuildConfiguration section */

/* Begin XCConfigurationList section */
		7C181A8B300CF0AD00307624 /* Build configuration list for PBXProject "Conn" */ = {
			isa = XCConfigurationList;
			buildConfigurations = (
				7C181AAF300CF0AF00307624 /* Debug */,
				7C181AB0300CF0AF00307624 /* Release */,
			);
			defaultConfigurationIsVisible = 0;
			defaultConfigurationName = Release;
		};
		7C181AB1300CF0AF00307624 /* Build configuration list for PBXNativeTarget "Conn" */ = {
			isa = XCConfigurationList;
			buildConfigurations = (
				7C181AB2300CF0AF00307624 /* Debug */,
				7C181AB3300CF0AF00307624 /* Release */,
			);
			defaultConfigurationIsVisible = 0;
			defaultConfigurationName = Release;
		};
		7C181AB4300CF0AF00307624 /* Build configuration list for PBXNativeTarget "ConnTests" */ = {
			isa = XCConfigurationList;
			buildConfigurations = (
				7C181AB5300CF0AF00307624 /* Debug */,
				7C181AB6300CF0AF00307624 /* Release */,
			);
			defaultConfigurationIsVisible = 0;
			defaultConfigurationName = Release;
		};
		7C181AB7300CF0AF00307624 /* Build configuration list for PBXNativeTarget "ConnUITests" */ = {
			isa = XCConfigurationList;
			buildConfigurations = (
				7C181AB8300CF0AF00307624 /* Debug */,
				7C181AB9300CF0AF00307624 /* Release */,
			);
			defaultConfigurationIsVisible = 0;
			defaultConfigurationName = Release;
		};
/* End XCConfigurationList section */

/* Begin XCLocalSwiftPackageReference section */
		7C181B01300CF0AD00307624 /* XCLocalSwiftPackageReference "../Packages/ConnPackages" */ = {
			isa = XCLocalSwiftPackageReference;
			relativePath = ../Packages/ConnPackages;
		};
/* End XCLocalSwiftPackageReference section */

/* Begin XCSwiftPackageProductDependency section */
		7C181B02300CF0AD00307624 /* ConnKit */ = {
			isa = XCSwiftPackageProductDependency;
			productName = ConnKit;
		};
		7C181B03300CF0AD00307624 /* ConnStore */ = {
			isa = XCSwiftPackageProductDependency;
			productName = ConnStore;
		};
		7C181B07300CF0AD00307624 /* ConnUI */ = {
			isa = XCSwiftPackageProductDependency;
			productName = ConnUI;
		};
		7C181B09300CF0AD00307624 /* ConnSSH */ = {
			isa = XCSwiftPackageProductDependency;
			productName = ConnSSH;
		};
		7C181B0B300CF0AD00307624 /* ConnSSHCitadel */ = {
			isa = XCSwiftPackageProductDependency;
			productName = ConnSSHCitadel;
		};
		7C181B0D300CF0AD00307624 /* ConnCrypto */ = {
			isa = XCSwiftPackageProductDependency;
			productName = ConnCrypto;
		};
		7C181B0F300CF0AD00307624 /* ConnTerminal */ = {
			isa = XCSwiftPackageProductDependency;
			productName = ConnTerminal;
		};
		7CAA0002300CF0AD00307624 /* ConnMonitor */ = {
			isa = XCSwiftPackageProductDependency;
			productName = ConnMonitor;
		};
		7CAA0004300CF0AD00307624 /* ConnOps */ = {
			isa = XCSwiftPackageProductDependency;
			productName = ConnOps;
		};
		7CAA0006300CF0AD00307624 /* ConnRunner */ = {
			isa = XCSwiftPackageProductDependency;
			productName = ConnRunner;
		};
		7CAA0011300CF0AD00307624 /* ConnEditor */ = {
			isa = XCSwiftPackageProductDependency;
			productName = ConnEditor;
		};
/* End XCSwiftPackageProductDependency section */
	};
	rootObject = 7C181A88300CF0AD00307624 /* Project object */;
}
